
Microsoft Visual Studio Solution File, Format Version 12.00
# Visual Studio 15
VisualStudioVersion = 15.0.28307.421
MinimumVisualStudioVersion = 10.0.40219.1
Project("{9A19103F-16F7-4668-BE54-9A1E7A4F7556}") = "XamiTextSharpLGPLv2", "XamiTextSharpLGPLv2\XamiTextSharpLGPLv2\XamiTextSharpLGPLv2.csproj", "{8334762D-86F8-4108-A927-2B70D6C72523}"
EndProject
Global
	GlobalSection(SolutionConfigurationPlatforms) = preSolution
		Ad-Hoc|Any CPU = Ad-Hoc|Any CPU
		Ad-Hoc|iPhone = Ad-Hoc|iPhone
		Ad-Hoc|iPhoneSimulator = Ad-Hoc|iPhoneSimulator
		AppStore|Any CPU = AppStore|Any CPU
		AppStore|iPhone = AppStore|iPhone
		AppStore|iPhoneSimulator = AppStore|iPhoneSimulator
		Debug|Any CPU = Debug|Any CPU
		Debug|iPhone = Debug|iPhone
		Debug|iPhoneSimulator = Debug|iPhoneSimulator
		Release|Any CPU = Release|Any CPU
		Release|iPhone = Release|iPhone
		Release|iPhoneSimulator = Release|iPhoneSimulator
	EndGlobalSection
	GlobalSection(ProjectConfigurationPlatforms) = postSolution
		{8334762D-86F8-4108-A927-2B70D6C72523}.Ad-Hoc|Any CPU.ActiveCfg = Debug|Any CPU
		{8334762D-86F8-4108-A927-2B70D6C72523}.Ad-Hoc|Any CPU.Build.0 = Debug|Any CPU
		{8334762D-86F8-4108-A927-2B70D6C72523}.Ad-Hoc|Any CPU.Deploy.0 = Debug|Any CPU
		{8334762D-86F8-4108-A927-2B70D6C72523}.Ad-Hoc|iPhone.ActiveCfg = Debug|Any CPU
		{8334762D-86F8-4108-A927-2B70D6C72523}.Ad-Hoc|iPhone.Build.0 = Debug|Any CPU
		{8334762D-86F8-4108-A927-2B70D6C72523}.Ad-Hoc|iPhone.Deploy.0 = Debug|Any CPU
		{8334762D-86F8-4108-A927-2B70D6C72523}.Ad-Hoc|iPhoneSimulator.ActiveCfg = Debug|Any CPU
		{8334762D-86F8-4108-A927-2B70D6C72523}.Ad-Hoc|iPhoneSimulator.Build.0 = Debug|Any CPU
		{8334762D-86F8-4108-A927-2B70D6C72523}.Ad-Hoc|iPhoneSimulator.Deploy.0 = Debug|Any CPU
		{8334762D-86F8-4108-A927-2B70D6C72523}.AppStore|Any CPU.ActiveCfg = Debug|Any CPU
		{8334762D-86F8-4108-A927-2B70D6C72523}.AppStore|Any CPU.Build.0 = Debug|Any CPU
		{8334762D-86F8-4108-A927-2B70D6C72523}.AppStore|Any CPU.Deploy.0 = Debug|Any CPU
		{8334762D-86F8-4108-A927-2B70D6C72523}.AppStore|iPhone.ActiveCfg = Debug|Any CPU
		{8334762D-86F8-4108-A927-2B70D6C72523}.AppStore|iPhone.Build.0 = Debug|Any CPU
		{8334762D-86F8-4108-A927-2B70D6C72523}.AppStore|iPhone.Deploy.0 = Debug|Any CPU
		{8334762D-86F8-4108-A927-2B70D6C72523}.AppStore|iPhoneSimulator.ActiveCfg = Debug|Any CPU
		{8334762D-86F8-4108-A927-2B70D6C72523}.AppStore|iPhoneSimulator.Build.0 = Debug|Any CPU
		{8334762D-86F8-4108-A927-2B70D6C72523}.AppStore|iPhoneSimulator.Deploy.0 = Debug|Any CPU
		{8334762D-86F8-4108-A927-2B70D6C72523}.Debug|Any CPU.ActiveCfg = Debug|Any CPU
		{8334762D-86F8-4108-A927-2B70D6C72523}.Debug|Any CPU.Build.0 = Debug|Any CPU
		{8334762D-86F8-4108-A927-2B70D6C72523}.Debug|Any CPU.Deploy.0 = Debug|Any CPU
		{8334762D-86F8-4108-A927-2B70D6C72523}.Debug|iPhone.ActiveCfg = Debug|Any CPU
		{8334762D-86F8-4108-A927-2B70D6C72523}.Debug|iPhone.Build.0 = Debug|Any CPU
		{8334762D-86F8-4108-A927-2B70D6C72523}.Debug|iPhone.Deploy.0 = Debug|Any CPU
		{8334762D-86F8-4108-A927-2B70D6C72523}.Debug|iPhoneSimulator.ActiveCfg = Debug|Any CPU
		{8334762D-86F8-4108-A927-2B70D6C72523}.Debug|iPhoneSimulator.Build.0 = Debug|Any CPU
		{8334762D-86F8-4108-A927-2B70D6C72523}.Debug|iPhoneSimulator.Deploy.0 = Debug|Any CPU
		{8334762D-86F8-4108-A927-2B70D6C72523}.Release|Any CPU.ActiveCfg = Release|Any CPU
		{8334762D-86F8-4108-A927-2B70D6C72523}.Release|Any CPU.Build.0 = Release|Any CPU
		{8334762D-86F8-4108-A927-2B70D6C72523}.Release|Any CPU.Deploy.0 = Release|Any CPU
		{8334762D-86F8-4108-A927-2B70D6C72523}.Release|iPhone.ActiveCfg = Release|Any CPU
		{8334762D-86F8-4108-A927-2B70D6C72523}.Release|iPhone.Build.0 = Release|Any CPU
		{8334762D-86F8-4108-A927-2B70D6C72523}.Release|iPhone.Deploy.0 = Release|Any CPU
		{8334762D-86F8-4108-A927-2B70D6C72523}.Release|iPhoneSimulator.ActiveCfg = Release|Any CPU
		{8334762D-86F8-4108-A927-2B70D6C72523}.Release|iPhoneSimulator.Build.0 = Release|Any CPU
		{8334762D-86F8-4108-A927-2B70D6C72523}.Release|iPhoneSimulator.Deploy.0 = Release|Any CPU
	EndGlobalSection
	GlobalSection(SolutionProperties) = preSolution
		HideSolutionNode = FALSE
	EndGlobalSection
	GlobalSection(ExtensibilityGlobals) = postSolution
		SolutionGuid = {1596627C-D7C6-40FA-A37A-63CB82E7DDAA}
	EndGlobalSection
EndGlobal
